{
  "name": "ltlsim",
  "version": "0.1.0",
  "lockfileVersion": 1,
  "requires": true,
  "dependencies": {
    "ltlsim-core": {
      "version": "file:../../ltlsim-core",
      "requires": {
        "antlr4": "^4.7.1",
        "child_process": "^1.0.2",
        "nusmvparser": "file:../../../../fret-electron/support/NuSMVParser",
        "path": "^0.12.7"
      },
      "dependencies": {
        "antlr4": {
          "version": "4.7.1",
          "bundled": true
        },
        "child_process": {
          "version": "1.0.2",
          "bundled": true
        },
        "inherits": {
          "version": "2.0.3",
          "bundled": true
        },
        "nusmvparser": {
          "version": "file:../../../../fret-electron/support/NuSMVParser",
          "bundled": true
        },
        "path": {
          "version": "0.12.7",
          "bundled": true,
          "requires": {
            "process": "^0.11.1",
            "util": "^0.10.3"
          }
        },
        "process": {
          "version": "0.11.10",
          "bundled": true
        },
        "util": {
          "version": "0.10.4",
          "bundled": true,
          "requires": {
            "inherits": "2.0.3"
          }
        }
      }
    }
  }
}
